
Microsoft Visual Studio Solution File, Format Version 12.00
# Visual Studio Version 18
VisualStudioVersion = 18.3.11222.16
MinimumVisualStudioVersion = 10.0.40219.1
Project("{2150E333-8FDC-42A3-9474-1A3956D46DE8}") = "Solution Items", "Solution Items", "{52183A49-30B1-4960-AB24-275C7ACE0FFE}"
	ProjectSection(SolutionItems) = preProject
		.env.prod.example = .env.prod.example
		docker-compose.dev.yml = docker-compose.dev.yml
		src\docker-compose.override.yml = src\docker-compose.override.yml
		docker-compose.prod.yml = docker-compose.prod.yml
		src\docker-compose.yml = src\docker-compose.yml
		Docker.MD = Docker.MD
		DOCKER_GUIDE.md = DOCKER_GUIDE.md
		global.json = global.json
	EndProjectSection
EndProject
Project("{2150E333-8FDC-42A3-9474-1A3956D46DE8}") = "src", "src", "{DA081F9D-3900-41AD-ADED-E4A40E724C9F}"
EndProject
Project("{2150E333-8FDC-42A3-9474-1A3956D46DE8}") = "tests", "tests", "{D8161F2C-F1BB-4DF9-A743-CF78F39BA12F}"
EndProject
Project("{2150E333-8FDC-42A3-9474-1A3956D46DE8}") = "ApiGateways", "ApiGateways", "{D713EDC5-5262-401D-A536-B3D320284813}"
EndProject
Project("{2150E333-8FDC-42A3-9474-1A3956D46DE8}") = "BuildingBlocks", "BuildingBlocks", "{13DCAA09-C11B-49E0-B0D3-E4E45BAD4D0D}"
EndProject
Project("{2150E333-8FDC-42A3-9474-1A3956D46DE8}") = "Services", "Services", "{569B9F64-AEE5-4161-A022-161F7467DB5A}"
EndProject
Project("{2150E333-8FDC-42A3-9474-1A3956D46DE8}") = "WebApps", "WebApps", "{7EE9E2E0-89B0-4985-AD9F-23574935EC75}"
EndProject
Project("{FAE04EC0-301F-11D3-BF4B-00C04F79EFBC}") = "Common.Logging", "src\BuildingBlocks\Common.Logging\Common.Logging.csproj", "{86D4397E-2A44-4FAA-8BA3-1E39E3436E83}"
EndProject
Project("{FAE04EC0-301F-11D3-BF4B-00C04F79EFBC}") = "EventBus.Messages", "src\BuildingBlocks\EventBus.Messages\EventBus.Messages.csproj", "{263DEFAB-9D5B-4099-8285-0970E2182748}"
EndProject
Project("{2150E333-8FDC-42A3-9474-1A3956D46DE8}") = "Product", "Product", "{73C315E6-5319-464E-9358-8C756C35D09D}"
EndProject
Project("{2150E333-8FDC-42A3-9474-1A3956D46DE8}") = "Customer", "Customer", "{161801E0-5E32-4029-B2A3-707CD9D68EC3}"
EndProject
Project("{2150E333-8FDC-42A3-9474-1A3956D46DE8}") = "Basket", "Basket", "{78631611-9223-4417-84DB-9B345912D319}"
EndProject
Project("{2150E333-8FDC-42A3-9474-1A3956D46DE8}") = "Ordering", "Ordering", "{0122E95D-216A-4FBA-9EC3-6E2822F64602}"
EndProject
Project("{2150E333-8FDC-42A3-9474-1A3956D46DE8}") = "Inventory", "Inventory", "{D33E506B-7EFE-4D40-ABBC-61BDBE81DC83}"
EndProject
Project("{2150E333-8FDC-42A3-9474-1A3956D46DE8}") = "ScheduledJob", "ScheduledJob", "{8DAEBC9E-94FA-4B95-9EA8-F578AAC73CE4}"
EndProject
Project("{FAE04EC0-301F-11D3-BF4B-00C04F79EFBC}") = "WebHealthStatus", "src\WebApps\WebHealthStatus\WebHealthStatus.csproj", "{071BD50D-1734-40EA-BF44-038F4338090E}"
EndProject
Project("{FAE04EC0-301F-11D3-BF4B-00C04F79EFBC}") = "Customer.Api", "src\Services\Customer.Api\Customer.Api.csproj", "{39C3B1A9-15C5-4889-B2F5-324D70F6889D}"
EndProject
Project("{FAE04EC0-301F-11D3-BF4B-00C04F79EFBC}") = "Basket.Api", "src\Services\Basket.Api\Basket.Api.csproj", "{BE134954-0929-4517-B17F-9BB2C002B8B1}"
EndProject
Project("{FAE04EC0-301F-11D3-BF4B-00C04F79EFBC}") = "Inventory.Api", "src\Services\Inventory.Api\Inventory.Api.csproj", "{70E190AD-BDCC-4968-AF01-958F1523434C}"
EndProject
Project("{FAE04EC0-301F-11D3-BF4B-00C04F79EFBC}") = "Ordering.Api", "src\Services\Ordering.Api\Ordering.Api.csproj", "{E75A6A6A-261B-4A63-AAFB-CCAD54D7EE32}"
EndProject
Project("{FAE04EC0-301F-11D3-BF4B-00C04F79EFBC}") = "Product.Api", "src\Services\Product.Api\Product.Api.csproj", "{B95DB6D7-1519-4E06-86E5-E79DB756230D}"
EndProject
Project("{FAE04EC0-301F-11D3-BF4B-00C04F79EFBC}") = "ScheduleJob", "src\Services\ScheduleJob\ScheduleJob.csproj", "{A82EF0D0-1505-4DF8-AE64-3B13896F5735}"
EndProject
Project("{FAE04EC0-301F-11D3-BF4B-00C04F79EFBC}") = "Contracts", "src\BuildingBlocks\Contracts\Contracts.csproj", "{C044757D-6788-4B73-8D33-6CA142C2DD91}"
EndProject
Project("{FAE04EC0-301F-11D3-BF4B-00C04F79EFBC}") = "Infrastructure", "src\BuildingBlocks\Infrastructure\Infrastructure.csproj", "{0C90C0D3-54DD-421B-B193-FE218D602330}"
EndProject
Project("{FAE04EC0-301F-11D3-BF4B-00C04F79EFBC}") = "Shared", "src\BuildingBlocks\Shared\Shared.csproj", "{EBFDBC71-CF6C-4340-ACDC-F121A85467CE}"
EndProject
Project("{FAE04EC0-301F-11D3-BF4B-00C04F79EFBC}") = "OcelotApiGw", "src\ApiGateways\OcelotApiGw\OcelotApiGw.csproj", "{93AFB11C-F4F4-4598-B703-AA745CC27B5E}"
EndProject
Global
	GlobalSection(SolutionConfigurationPlatforms) = preSolution
		Debug|Any CPU = Debug|Any CPU
		Release|Any CPU = Release|Any CPU
	EndGlobalSection
	GlobalSection(ProjectConfigurationPlatforms) = postSolution
		{86D4397E-2A44-4FAA-8BA3-1E39E3436E83}.Debug|Any CPU.ActiveCfg = Debug|Any CPU
		{86D4397E-2A44-4FAA-8BA3-1E39E3436E83}.Debug|Any CPU.Build.0 = Debug|Any CPU
		{86D4397E-2A44-4FAA-8BA3-1E39E3436E83}.Release|Any CPU.ActiveCfg = Release|Any CPU
		{86D4397E-2A44-4FAA-8BA3-1E39E3436E83}.Release|Any CPU.Build.0 = Release|Any CPU
		{263DEFAB-9D5B-4099-8285-0970E2182748}.Debug|Any CPU.ActiveCfg = Debug|Any CPU
		{263DEFAB-9D5B-4099-8285-0970E2182748}.Debug|Any CPU.Build.0 = Debug|Any CPU
		{263DEFAB-9D5B-4099-8285-0970E2182748}.Release|Any CPU.ActiveCfg = Release|Any CPU
		{263DEFAB-9D5B-4099-8285-0970E2182748}.Release|Any CPU.Build.0 = Release|Any CPU
		{071BD50D-1734-40EA-BF44-038F4338090E}.Debug|Any CPU.ActiveCfg = Debug|Any CPU
		{071BD50D-1734-40EA-BF44-038F4338090E}.Debug|Any CPU.Build.0 = Debug|Any CPU
		{071BD50D-1734-40EA-BF44-038F4338090E}.Release|Any CPU.ActiveCfg = Release|Any CPU
		{071BD50D-1734-40EA-BF44-038F4338090E}.Release|Any CPU.Build.0 = Release|Any CPU
		{39C3B1A9-15C5-4889-B2F5-324D70F6889D}.Debug|Any CPU.ActiveCfg = Debug|Any CPU
		{39C3B1A9-15C5-4889-B2F5-324D70F6889D}.Debug|Any CPU.Build.0 = Debug|Any CPU
		{39C3B1A9-15C5-4889-B2F5-324D70F6889D}.Release|Any CPU.ActiveCfg = Release|Any CPU
		{39C3B1A9-15C5-4889-B2F5-324D70F6889D}.Release|Any CPU.Build.0 = Release|Any CPU
		{BE134954-0929-4517-B17F-9BB2C002B8B1}.Debug|Any CPU.ActiveCfg = Debug|Any CPU
		{BE134954-0929-4517-B17F-9BB2C002B8B1}.Debug|Any CPU.Build.0 = Debug|Any CPU
		{BE134954-0929-4517-B17F-9BB2C002B8B1}.Release|Any CPU.ActiveCfg = Release|Any CPU
		{BE134954-0929-4517-B17F-9BB2C002B8B1}.Release|Any CPU.Build.0 = Release|Any CPU
		{70E190AD-BDCC-4968-AF01-958F1523434C}.Debug|Any CPU.ActiveCfg = Debug|Any CPU
		{70E190AD-BDCC-4968-AF01-958F1523434C}.Debug|Any CPU.Build.0 = Debug|Any CPU
		{70E190AD-BDCC-4968-AF01-958F1523434C}.Release|Any CPU.ActiveCfg = Release|Any CPU
		{70E190AD-BDCC-4968-AF01-958F1523434C}.Release|Any CPU.Build.0 = Release|Any CPU
		{E75A6A6A-261B-4A63-AAFB-CCAD54D7EE32}.Debug|Any CPU.ActiveCfg = Debug|Any CPU
		{E75A6A6A-261B-4A63-AAFB-CCAD54D7EE32}.Debug|Any CPU.Build.0 = Debug|Any CPU
		{E75A6A6A-261B-4A63-AAFB-CCAD54D7EE32}.Release|Any CPU.ActiveCfg = Release|Any CPU
		{E75A6A6A-261B-4A63-AAFB-CCAD54D7EE32}.Release|Any CPU.Build.0 = Release|Any CPU
		{B95DB6D7-1519-4E06-86E5-E79DB756230D}.Debug|Any CPU.ActiveCfg = Debug|Any CPU
		{B95DB6D7-1519-4E06-86E5-E79DB756230D}.Debug|Any CPU.Build.0 = Debug|Any CPU
		{B95DB6D7-1519-4E06-86E5-E79DB756230D}.Release|Any CPU.ActiveCfg = Release|Any CPU
		{B95DB6D7-1519-4E06-86E5-E79DB756230D}.Release|Any CPU.Build.0 = Release|Any CPU
		{A82EF0D0-1505-4DF8-AE64-3B13896F5735}.Debug|Any CPU.ActiveCfg = Debug|Any CPU
		{A82EF0D0-1505-4DF8-AE64-3B13896F5735}.Debug|Any CPU.Build.0 = Debug|Any CPU
		{A82EF0D0-1505-4DF8-AE64-3B13896F5735}.Release|Any CPU.ActiveCfg = Release|Any CPU
		{A82EF0D0-1505-4DF8-AE64-3B13896F5735}.Release|Any CPU.Build.0 = Release|Any CPU
		{C044757D-6788-4B73-8D33-6CA142C2DD91}.Debug|Any CPU.ActiveCfg = Debug|Any CPU
		{C044757D-6788-4B73-8D33-6CA142C2DD91}.Debug|Any CPU.Build.0 = Debug|Any CPU
		{C044757D-6788-4B73-8D33-6CA142C2DD91}.Release|Any CPU.ActiveCfg = Release|Any CPU
		{C044757D-6788-4B73-8D33-6CA142C2DD91}.Release|Any CPU.Build.0 = Release|Any CPU
		{0C90C0D3-54DD-421B-B193-FE218D602330}.Debug|Any CPU.ActiveCfg = Debug|Any CPU
		{0C90C0D3-54DD-421B-B193-FE218D602330}.Debug|Any CPU.Build.0 = Debug|Any CPU
		{0C90C0D3-54DD-421B-B193-FE218D602330}.Release|Any CPU.ActiveCfg = Release|Any CPU
		{0C90C0D3-54DD-421B-B193-FE218D602330}.Release|Any CPU.Build.0 = Release|Any CPU
		{EBFDBC71-CF6C-4340-ACDC-F121A85467CE}.Debug|Any CPU.ActiveCfg = Debug|Any CPU
		{EBFDBC71-CF6C-4340-ACDC-F121A85467CE}.Debug|Any CPU.Build.0 = Debug|Any CPU
		{EBFDBC71-CF6C-4340-ACDC-F121A85467CE}.Release|Any CPU.ActiveCfg = Release|Any CPU
		{EBFDBC71-CF6C-4340-ACDC-F121A85467CE}.Release|Any CPU.Build.0 = Release|Any CPU
		{93AFB11C-F4F4-4598-B703-AA745CC27B5E}.Debug|Any CPU.ActiveCfg = Debug|Any CPU
		{93AFB11C-F4F4-4598-B703-AA745CC27B5E}.Debug|Any CPU.Build.0 = Debug|Any CPU
		{93AFB11C-F4F4-4598-B703-AA745CC27B5E}.Release|Any CPU.ActiveCfg = Release|Any CPU
		{93AFB11C-F4F4-4598-B703-AA745CC27B5E}.Release|Any CPU.Build.0 = Release|Any CPU
	EndGlobalSection
	GlobalSection(SolutionProperties) = preSolution
		HideSolutionNode = FALSE
	EndGlobalSection
	GlobalSection(NestedProjects) = preSolution
		{D713EDC5-5262-401D-A536-B3D320284813} = {DA081F9D-3900-41AD-ADED-E4A40E724C9F}
		{13DCAA09-C11B-49E0-B0D3-E4E45BAD4D0D} = {DA081F9D-3900-41AD-ADED-E4A40E724C9F}
		{569B9F64-AEE5-4161-A022-161F7467DB5A} = {DA081F9D-3900-41AD-ADED-E4A40E724C9F}
		{7EE9E2E0-89B0-4985-AD9F-23574935EC75} = {DA081F9D-3900-41AD-ADED-E4A40E724C9F}
		{86D4397E-2A44-4FAA-8BA3-1E39E3436E83} = {13DCAA09-C11B-49E0-B0D3-E4E45BAD4D0D}
		{263DEFAB-9D5B-4099-8285-0970E2182748} = {13DCAA09-C11B-49E0-B0D3-E4E45BAD4D0D}
		{73C315E6-5319-464E-9358-8C756C35D09D} = {569B9F64-AEE5-4161-A022-161F7467DB5A}
		{161801E0-5E32-4029-B2A3-707CD9D68EC3} = {569B9F64-AEE5-4161-A022-161F7467DB5A}
		{78631611-9223-4417-84DB-9B345912D319} = {569B9F64-AEE5-4161-A022-161F7467DB5A}
		{0122E95D-216A-4FBA-9EC3-6E2822F64602} = {569B9F64-AEE5-4161-A022-161F7467DB5A}
		{D33E506B-7EFE-4D40-ABBC-61BDBE81DC83} = {569B9F64-AEE5-4161-A022-161F7467DB5A}
		{8DAEBC9E-94FA-4B95-9EA8-F578AAC73CE4} = {569B9F64-AEE5-4161-A022-161F7467DB5A}
		{071BD50D-1734-40EA-BF44-038F4338090E} = {7EE9E2E0-89B0-4985-AD9F-23574935EC75}
		{39C3B1A9-15C5-4889-B2F5-324D70F6889D} = {161801E0-5E32-4029-B2A3-707CD9D68EC3}
		{BE134954-0929-4517-B17F-9BB2C002B8B1} = {78631611-9223-4417-84DB-9B345912D319}
		{70E190AD-BDCC-4968-AF01-958F1523434C} = {D33E506B-7EFE-4D40-ABBC-61BDBE81DC83}
		{E75A6A6A-261B-4A63-AAFB-CCAD54D7EE32} = {0122E95D-216A-4FBA-9EC3-6E2822F64602}
		{B95DB6D7-1519-4E06-86E5-E79DB756230D} = {73C315E6-5319-464E-9358-8C756C35D09D}
		{A82EF0D0-1505-4DF8-AE64-3B13896F5735} = {8DAEBC9E-94FA-4B95-9EA8-F578AAC73CE4}
		{C044757D-6788-4B73-8D33-6CA142C2DD91} = {13DCAA09-C11B-49E0-B0D3-E4E45BAD4D0D}
		{0C90C0D3-54DD-421B-B193-FE218D602330} = {13DCAA09-C11B-49E0-B0D3-E4E45BAD4D0D}
		{EBFDBC71-CF6C-4340-ACDC-F121A85467CE} = {13DCAA09-C11B-49E0-B0D3-E4E45BAD4D0D}
		{93AFB11C-F4F4-4598-B703-AA745CC27B5E} = {D713EDC5-5262-401D-A536-B3D320284813}
	EndGlobalSection
	GlobalSection(ExtensibilityGlobals) = postSolution
		SolutionGuid = {A0D1D2F3-90E3-43EB-BEF8-EC989501DDAC}
	EndGlobalSection
EndGlobal
